
Microsoft Visual Studio Solution File, Format Version 12.00
# Visual Studio Version 17
VisualStudioVersion = 17.3.32901.215
MinimumVisualStudioVersion = 10.0.40219.1
Project("{FAE04EC0-301F-11D3-BF4B-00C04F79EFBC}") = "ConsoleApp12", "ConsoleApp12\ConsoleApp12.csproj", "{9809DF18-76F9-4B55-AC39-6D0989B4AA53}"
EndProject
Global
	GlobalSection(SolutionConfigurationPlatforms) = preSolution
		Debug|Any CPU = Debug|Any CPU
		Release|Any CPU = Release|Any CPU
	EndGlobalSection
	GlobalSection(ProjectConfigurationPlatforms) = postSolution
		{9809DF18-76F9-4B55-AC39-6D0989B4AA53}.Debug|Any CPU.ActiveCfg = Debug|Any CPU
		{9809DF18-76F9-4B55-AC39-6D0989B4AA53}.Debug|Any CPU.Build.0 = Debug|Any CPU
		{9809DF18-76F9-4B55-AC39-6D0989B4AA53}.Release|Any CPU.ActiveCfg = Release|Any CPU
		{9809DF18-76F9-4B55-AC39-6D0989B4AA53}.Release|Any CPU.Build.0 = Release|Any CPU
	EndGlobalSection
	GlobalSection(SolutionProperties) = preSolution
		HideSolutionNode = FALSE
	EndGlobalSection
	GlobalSection(ExtensibilityGlobals) = postSolution
		SolutionGuid = {E89A5299-4972-4B30-915E-1C94C3567D03}
	EndGlobalSection
EndGlobal
